
Microsoft Visual Studio Solution File, Format Version 12.00
# Visual Studio Version 16
VisualStudioVersion = 16.0.31624.102
MinimumVisualStudioVersion = 10.0.40219.1
Project("{FAE04EC0-301F-11D3-BF4B-00C04F79EFBC}") = "LogicalPrograms", "LogicalPrograms\LogicalPrograms.csproj", "{FF9FD3C4-6FD2-4B41-844D-B9A34D36B6E5}"
EndProject
Global
	GlobalSection(SolutionConfigurationPlatforms) = preSolution
		Debug|Any CPU = Debug|Any CPU
		Release|Any CPU = Release|Any CPU
	EndGlobalSection
	GlobalSection(ProjectConfigurationPlatforms) = postSolution
		{FF9FD3C4-6FD2-4B41-844D-B9A34D36B6E5}.Debug|Any CPU.ActiveCfg = Debug|Any CPU
		{FF9FD3C4-6FD2-4B41-844D-B9A34D36B6E5}.Debug|Any CPU.Build.0 = Debug|Any CPU
		{FF9FD3C4-6FD2-4B41-844D-B9A34D36B6E5}.Release|Any CPU.ActiveCfg = Release|Any CPU
		{FF9FD3C4-6FD2-4B41-844D-B9A34D36B6E5}.Release|Any CPU.Build.0 = Release|Any CPU
	EndGlobalSection
	GlobalSection(SolutionProperties) = preSolution
		HideSolutionNode = FALSE
	EndGlobalSection
	GlobalSection(ExtensibilityGlobals) = postSolution
		SolutionGuid = {5A0D988F-9515-4A23-90F3-0698B0651F9C}
	EndGlobalSection
EndGlobal
